
Microsoft Visual Studio Solution File, Format Version 12.00
# Visual Studio Version 16
VisualStudioVersion = 16.0.30309.148
MinimumVisualStudioVersion = 10.0.40219.1
Project("{FAE04EC0-301F-11D3-BF4B-00C04F79EFBC}") = "Store.App", "src\Store.App\Store.App.csproj", "{A941002D-77C8-4EAB-B8B8-80C0344F6EDC}"
EndProject
Project("{FAE04EC0-301F-11D3-BF4B-00C04F79EFBC}") = "Store.Business", "src\Store.Business\Store.Business.csproj", "{F553112A-3D28-4DD2-865A-C251F54388EF}"
EndProject
Project("{FAE04EC0-301F-11D3-BF4B-00C04F79EFBC}") = "Store.Data", "src\Store.Data\Store.Data.csproj", "{549E8EC1-42BA-41F2-8F81-6C312BEC447F}"
EndProject
Global
	GlobalSection(SolutionConfigurationPlatforms) = preSolution
		Debug|Any CPU = Debug|Any CPU
		Release|Any CPU = Release|Any CPU
	EndGlobalSection
	GlobalSection(ProjectConfigurationPlatforms) = postSolution
		{A941002D-77C8-4EAB-B8B8-80C0344F6EDC}.Debug|Any CPU.ActiveCfg = Debug|Any CPU
		{A941002D-77C8-4EAB-B8B8-80C0344F6EDC}.Debug|Any CPU.Build.0 = Debug|Any CPU
		{A941002D-77C8-4EAB-B8B8-80C0344F6EDC}.Release|Any CPU.ActiveCfg = Release|Any CPU
		{A941002D-77C8-4EAB-B8B8-80C0344F6EDC}.Release|Any CPU.Build.0 = Release|Any CPU
		{F553112A-3D28-4DD2-865A-C251F54388EF}.Debug|Any CPU.ActiveCfg = Debug|Any CPU
		{F553112A-3D28-4DD2-865A-C251F54388EF}.Debug|Any CPU.Build.0 = Debug|Any CPU
		{F553112A-3D28-4DD2-865A-C251F54388EF}.Release|Any CPU.ActiveCfg = Release|Any CPU
		{F553112A-3D28-4DD2-865A-C251F54388EF}.Release|Any CPU.Build.0 = Release|Any CPU
		{549E8EC1-42BA-41F2-8F81-6C312BEC447F}.Debug|Any CPU.ActiveCfg = Debug|Any CPU
		{549E8EC1-42BA-41F2-8F81-6C312BEC447F}.Debug|Any CPU.Build.0 = Debug|Any CPU
		{549E8EC1-42BA-41F2-8F81-6C312BEC447F}.Release|Any CPU.ActiveCfg = Release|Any CPU
		{549E8EC1-42BA-41F2-8F81-6C312BEC447F}.Release|Any CPU.Build.0 = Release|Any CPU
	EndGlobalSection
	GlobalSection(SolutionProperties) = preSolution
		HideSolutionNode = FALSE
	EndGlobalSection
	GlobalSection(ExtensibilityGlobals) = postSolution
		SolutionGuid = {8DF12D7A-2B48-4289-9937-320E1C0CAE80}
	EndGlobalSection
EndGlobal
